{
    "_readme": [
        "This file locks the dependencies of your project to a known state",
        "Read more about it at https://getcomposer.org/doc/01-basic-usage.md#composer-lock-the-lock-file",
        "This file is @generated automatically"
    ],
    "hash": "d94117e26435b853a02527c39d1148ed",
    "content-hash": "29472b233c23b898b19202e15f16cd50",
    "packages": [
        {
            "name": "components/animate.css",
            "version": "3.3.0.1",
            "source": {
                "type": "git",
                "url": "https://github.com/larakit/animate.css.git",
                "reference": "b4e150bdcb635884e5691f61d86ce3a39935fda6"
            },
            "dist": {
                "type": "zip",
                "url": "https://api.github.com/repos/larakit/animate.css/zipball/b4e150bdcb635884e5691f61d86ce3a39935fda6",
                "reference": "b4e150bdcb635884e5691f61d86ce3a39935fda6",
                "shasum": ""
            },
            "type": "library",
            "notification-url": "https://packagist.org/downloads/",
            "license": [
                "MIT"
            ],
            "authors": [
                {
                    "name": "Daniel Eden",
                    "role": "authors"
                },
                {
                    "name": "Alexey Berdnikov",
                    "email": "aberdnikov@gmail.com",
                    "role": "maintainer of package for composer"
                }
            ],
            "description": "Just-add-water CSS animation",
            "keywords": [
                "Animate.css"
            ],
            "time": "2015-07-08 10:41:04"
        },
        {
            "name": "twitter/bootstrap",
            "version": "dev-master",
            "source": {
                "type": "git",
                "url": "https://github.com/twbs/bootstrap.git",
                "reference": "45b318b32f5161c32910d4cf4730200d62934ae4"
            },
            "dist": {
                "type": "zip",
                "url": "https://api.github.com/repos/twbs/bootstrap/zipball/45b318b32f5161c32910d4cf4730200d62934ae4",
                "reference": "45b318b32f5161c32910d4cf4730200d62934ae4",
                "shasum": ""
            },
            "replace": {
                "twitter/bootstrap": "self.version"
            },
            "type": "library",
            "extra": {
                "branch-alias": {
                    "dev-master": "3.3.x-dev"
                }
            },
            "notification-url": "https://packagist.org/downloads/",
            "license": [
                "MIT"
            ],
            "authors": [
                {
                    "name": "Jacob Thornton",
                    "email": "jacobthornton@gmail.com"
                },
                {
                    "name": "Mark Otto",
                    "email": "markdotto@gmail.com"
                }
            ],
            "description": "The most popular front-end framework for developing responsive, mobile first projects on the web.",
            "homepage": "http://getbootstrap.com",
            "keywords": [
                "JS",
                "css",
                "framework",
                "front-end",
                "less",
                "mobile-first",
                "responsive",
                "web"
            ],
            "time": "2015-12-06 19:29:47"
        }
    ],
    "packages-dev": [],
    "aliases": [],
    "minimum-stability": "dev",
    "stability-flags": [],
    "prefer-stable": false,
    "prefer-lowest": false,
    "platform": [],
    "platform-dev": []
}
